
Microsoft Visual Studio Solution File, Format Version 11.00
# Visual Studio 2010
Project("{FAE04EC0-301F-11D3-BF4B-00C04F79EFBC}") = "Assembly-CSharp", "Assembly-CSharp.csproj", "{E1537796-7CCC-CEF9-390B-DAB45EC346BA}"
EndProject
Project("{FAE04EC0-301F-11D3-BF4B-00C04F79EFBC}") = "Assembly-CSharp-firstpass", "Assembly-CSharp-firstpass.csproj", "{C8EB4C23-7032-95C4-5B4B-09C13CF72CE4}"
EndProject
Project("{FAE04EC0-301F-11D3-BF4B-00C04F79EFBC}") = "Assembly-CSharp-Editor-firstpass", "Assembly-CSharp-Editor-firstpass.csproj", "{C7774A25-F7D6-9D26-C3FD-4641200F2ED8}"
EndProject
Global
	GlobalSection(SolutionConfigurationPlatforms) = preSolution
		Debug|Any CPU = Debug|Any CPU
		Release|Any CPU = Release|Any CPU
	EndGlobalSection
	GlobalSection(ProjectConfigurationPlatforms) = postSolution
		{E1537796-7CCC-CEF9-390B-DAB45EC346BA}.Debug|Any CPU.ActiveCfg = Debug|Any CPU
		{E1537796-7CCC-CEF9-390B-DAB45EC346BA}.Debug|Any CPU.Build.0 = Debug|Any CPU
		{E1537796-7CCC-CEF9-390B-DAB45EC346BA}.Release|Any CPU.ActiveCfg = Release|Any CPU
		{E1537796-7CCC-CEF9-390B-DAB45EC346BA}.Release|Any CPU.Build.0 = Release|Any CPU
		{C8EB4C23-7032-95C4-5B4B-09C13CF72CE4}.Debug|Any CPU.ActiveCfg = Debug|Any CPU
		{C8EB4C23-7032-95C4-5B4B-09C13CF72CE4}.Debug|Any CPU.Build.0 = Debug|Any CPU
		{C8EB4C23-7032-95C4-5B4B-09C13CF72CE4}.Release|Any CPU.ActiveCfg = Release|Any CPU
		{C8EB4C23-7032-95C4-5B4B-09C13CF72CE4}.Release|Any CPU.Build.0 = Release|Any CPU
		{C7774A25-F7D6-9D26-C3FD-4641200F2ED8}.Debug|Any CPU.ActiveCfg = Debug|Any CPU
		{C7774A25-F7D6-9D26-C3FD-4641200F2ED8}.Debug|Any CPU.Build.0 = Debug|Any CPU
		{C7774A25-F7D6-9D26-C3FD-4641200F2ED8}.Release|Any CPU.ActiveCfg = Release|Any CPU
		{C7774A25-F7D6-9D26-C3FD-4641200F2ED8}.Release|Any CPU.Build.0 = Release|Any CPU
	EndGlobalSection
	GlobalSection(SolutionProperties) = preSolution
		HideSolutionNode = FALSE
	EndGlobalSection
	GlobalSection(MonoDevelopProperties) = preSolution
		StartupItem = Assembly-CSharp.csproj
	EndGlobalSection
EndGlobal
